
Microsoft Visual Studio Solution File, Format Version 12.00
# Visual Studio Version 17
VisualStudioVersion = 17.10.35122.118
MinimumVisualStudioVersion = 10.0.40219.1
Project("{FAE04EC0-301F-11D3-BF4B-00C04F79EFBC}") = "Jobs.Api", "Jobs.Api\Jobs.Api.csproj", "{B3C27540-9E94-42F5-85FE-70A0BADF06CF}"
EndProject
Global
	GlobalSection(SolutionConfigurationPlatforms) = preSolution
		Debug|Any CPU = Debug|Any CPU
		Release|Any CPU = Release|Any CPU
	EndGlobalSection
	GlobalSection(ProjectConfigurationPlatforms) = postSolution
		{B3C27540-9E94-42F5-85FE-70A0BADF06CF}.Debug|Any CPU.ActiveCfg = Debug|Any CPU
		{B3C27540-9E94-42F5-85FE-70A0BADF06CF}.Debug|Any CPU.Build.0 = Debug|Any CPU
		{B3C27540-9E94-42F5-85FE-70A0BADF06CF}.Release|Any CPU.ActiveCfg = Release|Any CPU
		{B3C27540-9E94-42F5-85FE-70A0BADF06CF}.Release|Any CPU.Build.0 = Release|Any CPU
	EndGlobalSection
	GlobalSection(SolutionProperties) = preSolution
		HideSolutionNode = FALSE
	EndGlobalSection
	GlobalSection(ExtensibilityGlobals) = postSolution
		SolutionGuid = {458337CC-3204-448F-9DDB-816C4D9FD8F6}
	EndGlobalSection
EndGlobal
